
Microsoft Visual Studio Solution File, Format Version 12.00
# Visual Studio 15
VisualStudioVersion = 15.0.28307.645
MinimumVisualStudioVersion = 10.0.40219.1
Project("{9A19103F-16F7-4668-BE54-9A1E7A4F7556}") = "webapiCalculadora", "webapiCalculadora\webapiCalculadora.csproj", "{94BCB44C-91DA-4FE3-8AB0-F333E811A85D}"
EndProject
Project("{FAE04EC0-301F-11D3-BF4B-00C04F79EFBC}") = "utCalculator", "utCalculator\utCalculator.csproj", "{34DF6F9E-0F2F-4404-AA06-B1AC3A87D653}"
EndProject
Global
	GlobalSection(SolutionConfigurationPlatforms) = preSolution
		Debug|Any CPU = Debug|Any CPU
		Release|Any CPU = Release|Any CPU
	EndGlobalSection
	GlobalSection(ProjectConfigurationPlatforms) = postSolution
		{94BCB44C-91DA-4FE3-8AB0-F333E811A85D}.Debug|Any CPU.ActiveCfg = Debug|Any CPU
		{94BCB44C-91DA-4FE3-8AB0-F333E811A85D}.Debug|Any CPU.Build.0 = Debug|Any CPU
		{94BCB44C-91DA-4FE3-8AB0-F333E811A85D}.Release|Any CPU.ActiveCfg = Release|Any CPU
		{94BCB44C-91DA-4FE3-8AB0-F333E811A85D}.Release|Any CPU.Build.0 = Release|Any CPU
		{34DF6F9E-0F2F-4404-AA06-B1AC3A87D653}.Debug|Any CPU.ActiveCfg = Debug|Any CPU
		{34DF6F9E-0F2F-4404-AA06-B1AC3A87D653}.Debug|Any CPU.Build.0 = Debug|Any CPU
		{34DF6F9E-0F2F-4404-AA06-B1AC3A87D653}.Release|Any CPU.ActiveCfg = Release|Any CPU
		{34DF6F9E-0F2F-4404-AA06-B1AC3A87D653}.Release|Any CPU.Build.0 = Release|Any CPU
	EndGlobalSection
	GlobalSection(SolutionProperties) = preSolution
		HideSolutionNode = FALSE
	EndGlobalSection
	GlobalSection(ExtensibilityGlobals) = postSolution
		SolutionGuid = {1428AADD-2042-4E33-A6BE-2418098DFED3}
	EndGlobalSection
EndGlobal
